{
  "name": "aem-ssr-cloudflare-worker",
  "version": "1.0.0",
  "lockfileVersion": 3,
  "requires": true,
  "packages": {
    "": {
      "name": "aem-ssr-cloudflare-worker",
      "version": "1.0.0",
      "license": "Apache-2.0",
      "dependencies": {
        "@dropins/storefront-pdp": "^3.0.2",
        "@dropins/storefront-product-discovery": "^3.1.0",
        "@dropins/tools": "^1.8.0"
      }
    },
    "node_modules/@dropins/storefront-pdp": {
      "version": "3.0.2",
      "resolved": "https://registry.npmjs.org/@dropins/storefront-pdp/-/storefront-pdp-3.0.2.tgz",
      "integrity": "sha512-wtzRHwqpFgP2a8HwM6eMd0dIV4xOTiZRTclNLxiM7WNmjUO9S0HcNqaKxmFWw5SO4Ooy2WAa+RvWkTWD1X76Wg==",
      "license": "SEE LICENSE IN LICENSE.md"
    },
    "node_modules/@dropins/storefront-product-discovery": {
      "version": "3.1.0",
      "resolved": "https://registry.npmjs.org/@dropins/storefront-product-discovery/-/storefront-product-discovery-3.1.0.tgz",
      "integrity": "sha512-47OjgXMFgxL/7cnMEGQ0aInP/XocOjoY275DtuDyHpvn8/8vy8BcnHl3cn363RyY0U0XLGnPxVgK2UZUUP4dzw==",
      "license": "SEE LICENSE IN LICENSE.md"
    },
    "node_modules/@dropins/tools": {
      "version": "1.8.0",
      "resolved": "https://registry.npmjs.org/@dropins/tools/-/tools-1.8.0.tgz",
      "integrity": "sha512-rFOqPI1T59k9od1xUCCitE36AOyG9cBq2SxSdD4MCoyX7lDyMyDgulNuSDyjVE7u/GPjeLFBZgASlP6r0LGCRQ==",
      "license": "SEE LICENSE IN LICENSE.md"
    }
  }
}
